
Microsoft Visual Studio Solution File, Format Version 12.00
# Visual Studio Version 17
VisualStudioVersion = 17.0.31903.59
MinimumVisualStudioVersion = 10.0.40219.1
Project("{FAE04EC0-301F-11D3-BF4B-00C04F79EFBC}") = "fizzBuzzAlgo", "fizzBuzzAlgo\fizzBuzzAlgo.csproj", "{0490C0D2-56EE-48E0-933A-AD61C14F274F}"
EndProject
Project("{FAE04EC0-301F-11D3-BF4B-00C04F79EFBC}") = "fizzBuzzAlgo.Tests", "fizzBuzzAlgo.Tests\fizzBuzzAlgo.Tests.csproj", "{92384C76-FA2F-430F-88C3-8311C1F76BCF}"
EndProject
Global
	GlobalSection(SolutionConfigurationPlatforms) = preSolution
		Debug|Any CPU = Debug|Any CPU
		Release|Any CPU = Release|Any CPU
	EndGlobalSection
	GlobalSection(SolutionProperties) = preSolution
		HideSolutionNode = FALSE
	EndGlobalSection
	GlobalSection(ProjectConfigurationPlatforms) = postSolution
		{0490C0D2-56EE-48E0-933A-AD61C14F274F}.Debug|Any CPU.ActiveCfg = Debug|Any CPU
		{0490C0D2-56EE-48E0-933A-AD61C14F274F}.Debug|Any CPU.Build.0 = Debug|Any CPU
		{0490C0D2-56EE-48E0-933A-AD61C14F274F}.Release|Any CPU.ActiveCfg = Release|Any CPU
		{0490C0D2-56EE-48E0-933A-AD61C14F274F}.Release|Any CPU.Build.0 = Release|Any CPU
		{92384C76-FA2F-430F-88C3-8311C1F76BCF}.Debug|Any CPU.ActiveCfg = Debug|Any CPU
		{92384C76-FA2F-430F-88C3-8311C1F76BCF}.Debug|Any CPU.Build.0 = Debug|Any CPU
		{92384C76-FA2F-430F-88C3-8311C1F76BCF}.Release|Any CPU.ActiveCfg = Release|Any CPU
		{92384C76-FA2F-430F-88C3-8311C1F76BCF}.Release|Any CPU.Build.0 = Release|Any CPU
	EndGlobalSection
EndGlobal
